Microsoft Visual Studio Solution File, Format Version 12.00
# Visual Studio Version 17
VisualStudioVersion = 17.5.2.0
MinimumVisualStudioVersion = 10.0.40219.1
Project("{FAE04EC0-301F-11D3-BF4B-00C04F79EFBC}") = "DotNetFormApp", "DotNetFormApp.csproj", "{432201D4-A996-9E39-9BAA-8C1E97D47F6A}"
EndProject
Global
	GlobalSection(SolutionConfigurationPlatforms) = preSolution
		Debug|Any CPU = Debug|Any CPU
		Release|Any CPU = Release|Any CPU
	EndGlobalSection
	GlobalSection(ProjectConfigurationPlatforms) = postSolution
		{432201D4-A996-9E39-9BAA-8C1E97D47F6A}.Debug|Any CPU.ActiveCfg = Debug|Any CPU
		{432201D4-A996-9E39-9BAA-8C1E97D47F6A}.Debug|Any CPU.Build.0 = Debug|Any CPU
		{432201D4-A996-9E39-9BAA-8C1E97D47F6A}.Release|Any CPU.ActiveCfg = Release|Any CPU
		{432201D4-A996-9E39-9BAA-8C1E97D47F6A}.Release|Any CPU.Build.0 = Release|Any CPU
	EndGlobalSection
	GlobalSection(SolutionProperties) = preSolution
		HideSolutionNode = FALSE
	EndGlobalSection
	GlobalSection(ExtensibilityGlobals) = postSolution
		SolutionGuid = {F20FDCE8-2A64-4307-B4B8-15D28C1A35B0}
	EndGlobalSection
EndGlobal
